PODS:
  - SDWebImage (4.4.3):
    - SDWebImage/Core (= 4.4.3)
  - SDWebImage/Core (4.4.3)
  - ZZFadeAnimationScrollView (0.2):
    - SDWebImage (~> 4.0)

DEPENDENCIES:
  - SDWebImage (~> 4.0)
  - ZZFadeAnimationScrollView (from `../`)

SPEC REPOS:
  https://github.com/cocoapods/specs.git:
    - SDWebImage

EXTERNAL SOURCES:
  ZZFadeAnimationScrollView:
    :path: "../"

SPEC CHECKSUMS:
  SDWebImage: c5594f1a19c48d526d321e548902b56b479cd508
  ZZFadeAnimationScrollView: cf5b7a7b7dda3af41896e957c2a1da53bde686bf

PODFILE CHECKSUM: 5c69e482ea00052289c92cb892ea9f36a3607be4

COCOAPODS: 1.5.3
